
Microsoft Visual Studio Solution File, Format Version 12.00
# Visual Studio Version 17
VisualStudioVersion = 17.3.32811.315
MinimumVisualStudioVersion = 10.0.40219.1
Project("{9A19103F-16F7-4668-BE54-9A1E7A4F7556}") = "FA2B_Task1", "FA2B_Task1\FA2B_Task1.csproj", "{4CB517CE-4FFA-45E7-9559-A4C9A614B639}"
EndProject
Project("{9A19103F-16F7-4668-BE54-9A1E7A4F7556}") = "FA2B_Task2", "FA2B_Task2\FA2B_Task2.csproj", "{69B2D370-506A-4014-ADAF-81A962100C1D}"
EndProject
Project("{FAE04EC0-301F-11D3-BF4B-00C04F79EFBC}") = "Formative", "Formative\Formative.csproj", "{7BF4554D-C25C-47EB-AA7E-340AA62BCC89}"
EndProject
Global
	GlobalSection(SolutionConfigurationPlatforms) = preSolution
		Debug|Any CPU = Debug|Any CPU
		Release|Any CPU = Release|Any CPU
	EndGlobalSection
	GlobalSection(ProjectConfigurationPlatforms) = postSolution
		{4CB517CE-4FFA-45E7-9559-A4C9A614B639}.Debug|Any CPU.ActiveCfg = Debug|Any CPU
		{4CB517CE-4FFA-45E7-9559-A4C9A614B639}.Debug|Any CPU.Build.0 = Debug|Any CPU
		{4CB517CE-4FFA-45E7-9559-A4C9A614B639}.Release|Any CPU.ActiveCfg = Release|Any CPU
		{4CB517CE-4FFA-45E7-9559-A4C9A614B639}.Release|Any CPU.Build.0 = Release|Any CPU
		{69B2D370-506A-4014-ADAF-81A962100C1D}.Debug|Any CPU.ActiveCfg = Debug|Any CPU
		{69B2D370-506A-4014-ADAF-81A962100C1D}.Debug|Any CPU.Build.0 = Debug|Any CPU
		{69B2D370-506A-4014-ADAF-81A962100C1D}.Release|Any CPU.ActiveCfg = Release|Any CPU
		{69B2D370-506A-4014-ADAF-81A962100C1D}.Release|Any CPU.Build.0 = Release|Any CPU
		{7BF4554D-C25C-47EB-AA7E-340AA62BCC89}.Debug|Any CPU.ActiveCfg = Debug|Any CPU
		{7BF4554D-C25C-47EB-AA7E-340AA62BCC89}.Debug|Any CPU.Build.0 = Debug|Any CPU
		{7BF4554D-C25C-47EB-AA7E-340AA62BCC89}.Release|Any CPU.ActiveCfg = Release|Any CPU
		{7BF4554D-C25C-47EB-AA7E-340AA62BCC89}.Release|Any CPU.Build.0 = Release|Any CPU
	EndGlobalSection
	GlobalSection(SolutionProperties) = preSolution
		HideSolutionNode = FALSE
	EndGlobalSection
	GlobalSection(ExtensibilityGlobals) = postSolution
		SolutionGuid = {C2E5D92C-F61C-4744-A6DA-0DEFE61C8616}
	EndGlobalSection
EndGlobal
