
Microsoft Visual Studio Solution File, Format Version 12.00
# Visual Studio Version 17
VisualStudioVersion = 17.2.32519.379
MinimumVisualStudioVersion = 10.0.40219.1
Project("{9A19103F-16F7-4668-BE54-9A1E7A4F7556}") = "Task1A", "Task1A.csproj", "{AA0FEDD3-C602-49B8-AE02-103103E82764}"
EndProject
Project("{9A19103F-16F7-4668-BE54-9A1E7A4F7556}") = "Task2A", "Task2A\Task2A.csproj", "{FC82278E-CB1C-41F4-BD17-53668977BB79}"
EndProject
Project("{9A19103F-16F7-4668-BE54-9A1E7A4F7556}") = "Task3A", "Task3A\Task3A.csproj", "{4C749F95-37C9-4565-B3FF-58BAA5CCAF9B}"
EndProject
Project("{FAE04EC0-301F-11D3-BF4B-00C04F79EFBC}") = "Task1B", "Task1B\Task1B.csproj", "{180F1DF8-4A02-4C09-9835-70700E3F25D7}"
EndProject
Project("{FAE04EC0-301F-11D3-BF4B-00C04F79EFBC}") = "Task2B", "Task2B\Task2B.csproj", "{974B7E78-08F3-4D9A-ADDD-41522058014D}"
EndProject
Global
	GlobalSection(SolutionConfigurationPlatforms) = preSolution
		Debug|Any CPU = Debug|Any CPU
		Release|Any CPU = Release|Any CPU
	EndGlobalSection
	GlobalSection(ProjectConfigurationPlatforms) = postSolution
		{AA0FEDD3-C602-49B8-AE02-103103E82764}.Debug|Any CPU.ActiveCfg = Debug|Any CPU
		{AA0FEDD3-C602-49B8-AE02-103103E82764}.Debug|Any CPU.Build.0 = Debug|Any CPU
		{AA0FEDD3-C602-49B8-AE02-103103E82764}.Release|Any CPU.ActiveCfg = Release|Any CPU
		{AA0FEDD3-C602-49B8-AE02-103103E82764}.Release|Any CPU.Build.0 = Release|Any CPU
		{FC82278E-CB1C-41F4-BD17-53668977BB79}.Debug|Any CPU.ActiveCfg = Debug|Any CPU
		{FC82278E-CB1C-41F4-BD17-53668977BB79}.Debug|Any CPU.Build.0 = Debug|Any CPU
		{FC82278E-CB1C-41F4-BD17-53668977BB79}.Release|Any CPU.ActiveCfg = Release|Any CPU
		{FC82278E-CB1C-41F4-BD17-53668977BB79}.Release|Any CPU.Build.0 = Release|Any CPU
		{4C749F95-37C9-4565-B3FF-58BAA5CCAF9B}.Debug|Any CPU.ActiveCfg = Debug|Any CPU
		{4C749F95-37C9-4565-B3FF-58BAA5CCAF9B}.Debug|Any CPU.Build.0 = Debug|Any CPU
		{4C749F95-37C9-4565-B3FF-58BAA5CCAF9B}.Release|Any CPU.ActiveCfg = Release|Any CPU
		{4C749F95-37C9-4565-B3FF-58BAA5CCAF9B}.Release|Any CPU.Build.0 = Release|Any CPU
		{180F1DF8-4A02-4C09-9835-70700E3F25D7}.Debug|Any CPU.ActiveCfg = Debug|Any CPU
		{180F1DF8-4A02-4C09-9835-70700E3F25D7}.Debug|Any CPU.Build.0 = Debug|Any CPU
		{180F1DF8-4A02-4C09-9835-70700E3F25D7}.Release|Any CPU.ActiveCfg = Release|Any CPU
		{180F1DF8-4A02-4C09-9835-70700E3F25D7}.Release|Any CPU.Build.0 = Release|Any CPU
		{974B7E78-08F3-4D9A-ADDD-41522058014D}.Debug|Any CPU.ActiveCfg = Debug|Any CPU
		{974B7E78-08F3-4D9A-ADDD-41522058014D}.Debug|Any CPU.Build.0 = Debug|Any CPU
		{974B7E78-08F3-4D9A-ADDD-41522058014D}.Release|Any CPU.ActiveCfg = Release|Any CPU
		{974B7E78-08F3-4D9A-ADDD-41522058014D}.Release|Any CPU.Build.0 = Release|Any CPU
	EndGlobalSection
	GlobalSection(SolutionProperties) = preSolution
		HideSolutionNode = FALSE
	EndGlobalSection
	GlobalSection(ExtensibilityGlobals) = postSolution
		SolutionGuid = {2E53E521-3D8C-4C83-910E-8E17ED7F5F4F}
	EndGlobalSection
EndGlobal
