
Microsoft Visual Studio Solution File, Format Version 12.00
# Visual Studio Version 17
VisualStudioVersion = 17.3.32811.315
MinimumVisualStudioVersion = 10.0.40219.1
Project("{9A19103F-16F7-4668-BE54-9A1E7A4F7556}") = "Set1", "Set1\Set1.csproj", "{C574B339-40D7-4769-B408-9F690C16194A}"
EndProject
Project("{FAE04EC0-301F-11D3-BF4B-00C04F79EFBC}") = "Set2", "Set2\Set2.csproj", "{670C52EF-4127-4F60-A089-4AA128EB53CD}"
EndProject
Global
	GlobalSection(SolutionConfigurationPlatforms) = preSolution
		Debug|Any CPU = Debug|Any CPU
		Release|Any CPU = Release|Any CPU
	EndGlobalSection
	GlobalSection(ProjectConfigurationPlatforms) = postSolution
		{C574B339-40D7-4769-B408-9F690C16194A}.Debug|Any CPU.ActiveCfg = Debug|Any CPU
		{C574B339-40D7-4769-B408-9F690C16194A}.Debug|Any CPU.Build.0 = Debug|Any CPU
		{C574B339-40D7-4769-B408-9F690C16194A}.Release|Any CPU.ActiveCfg = Release|Any CPU
		{C574B339-40D7-4769-B408-9F690C16194A}.Release|Any CPU.Build.0 = Release|Any CPU
		{670C52EF-4127-4F60-A089-4AA128EB53CD}.Debug|Any CPU.ActiveCfg = Debug|Any CPU
		{670C52EF-4127-4F60-A089-4AA128EB53CD}.Debug|Any CPU.Build.0 = Debug|Any CPU
		{670C52EF-4127-4F60-A089-4AA128EB53CD}.Release|Any CPU.ActiveCfg = Release|Any CPU
		{670C52EF-4127-4F60-A089-4AA128EB53CD}.Release|Any CPU.Build.0 = Release|Any CPU
	EndGlobalSection
	GlobalSection(SolutionProperties) = preSolution
		HideSolutionNode = FALSE
	EndGlobalSection
	GlobalSection(ExtensibilityGlobals) = postSolution
		SolutionGuid = {B2C70070-8A79-4313-BEAE-D3CAC9B19023}
	EndGlobalSection
EndGlobal
