
Microsoft Visual Studio Solution File, Format Version 12.00
# Visual Studio Version 17
VisualStudioVersion = 17.2.32519.379
MinimumVisualStudioVersion = 10.0.40219.1
Project("{FAE04EC0-301F-11D3-BF4B-00C04F79EFBC}") = "FormativeAssessmentTask3", "FormativeAssessmentTask3.csproj", "{702E7663-227E-41DF-94D3-DED550044377}"
EndProject
Global
	GlobalSection(SolutionConfigurationPlatforms) = preSolution
		Debug|Any CPU = Debug|Any CPU
		Release|Any CPU = Release|Any CPU
	EndGlobalSection
	GlobalSection(ProjectConfigurationPlatforms) = postSolution
		{702E7663-227E-41DF-94D3-DED550044377}.Debug|Any CPU.ActiveCfg = Debug|Any CPU
		{702E7663-227E-41DF-94D3-DED550044377}.Debug|Any CPU.Build.0 = Debug|Any CPU
		{702E7663-227E-41DF-94D3-DED550044377}.Release|Any CPU.ActiveCfg = Release|Any CPU
		{702E7663-227E-41DF-94D3-DED550044377}.Release|Any CPU.Build.0 = Release|Any CPU
	EndGlobalSection
	GlobalSection(SolutionProperties) = preSolution
		HideSolutionNode = FALSE
	EndGlobalSection
	GlobalSection(ExtensibilityGlobals) = postSolution
		SolutionGuid = {57653FFB-89F6-41BF-AD6F-02DC04FA043F}
	EndGlobalSection
EndGlobal
